
Microsoft Visual Studio Solution File, Format Version 12.00
# Visual Studio Version 17
VisualStudioVersion = 17.2.32526.322
MinimumVisualStudioVersion = 10.0.40219.1
Project("{FAE04EC0-301F-11D3-BF4B-00C04F79EFBC}") = "StyleCopIssue", "StyleCopIssue\StyleCopIssue.csproj", "{9D4E4D0B-F267-436A-B278-B5D2948DDB96}"
EndProject
Global
	GlobalSection(SolutionConfigurationPlatforms) = preSolution
		Debug|Any CPU = Debug|Any CPU
		Release|Any CPU = Release|Any CPU
	EndGlobalSection
	GlobalSection(ProjectConfigurationPlatforms) = postSolution
		{9D4E4D0B-F267-436A-B278-B5D2948DDB96}.Debug|Any CPU.ActiveCfg = Debug|Any CPU
		{9D4E4D0B-F267-436A-B278-B5D2948DDB96}.Debug|Any CPU.Build.0 = Debug|Any CPU
		{9D4E4D0B-F267-436A-B278-B5D2948DDB96}.Release|Any CPU.ActiveCfg = Release|Any CPU
		{9D4E4D0B-F267-436A-B278-B5D2948DDB96}.Release|Any CPU.Build.0 = Release|Any CPU
	EndGlobalSection
	GlobalSection(SolutionProperties) = preSolution
		HideSolutionNode = FALSE
	EndGlobalSection
	GlobalSection(ExtensibilityGlobals) = postSolution
		SolutionGuid = {5DEBE92C-0535-4715-8FC6-7DC19C71E8B9}
	EndGlobalSection
EndGlobal
